
Microsoft Visual Studio Solution File, Format Version 12.00
# Visual Studio Version 17
VisualStudioVersion = 17.8.34525.116
MinimumVisualStudioVersion = 10.0.40219.1
Project("{FAE04EC0-301F-11D3-BF4B-00C04F79EFBC}") = "Palyavalaszto", "Palyavalaszto\Palyavalaszto.csproj", "{7F36A419-D0C8-45CE-A8B2-174C5033BA6A}"
EndProject
Global
	GlobalSection(SolutionConfigurationPlatforms) = preSolution
		Debug|Any CPU = Debug|Any CPU
		Release|Any CPU = Release|Any CPU
	EndGlobalSection
	GlobalSection(ProjectConfigurationPlatforms) = postSolution
		{7F36A419-D0C8-45CE-A8B2-174C5033BA6A}.Debug|Any CPU.ActiveCfg = Debug|Any CPU
		{7F36A419-D0C8-45CE-A8B2-174C5033BA6A}.Debug|Any CPU.Build.0 = Debug|Any CPU
		{7F36A419-D0C8-45CE-A8B2-174C5033BA6A}.Release|Any CPU.ActiveCfg = Release|Any CPU
		{7F36A419-D0C8-45CE-A8B2-174C5033BA6A}.Release|Any CPU.Build.0 = Release|Any CPU
	EndGlobalSection
	GlobalSection(SolutionProperties) = preSolution
		HideSolutionNode = FALSE
	EndGlobalSection
	GlobalSection(ExtensibilityGlobals) = postSolution
		SolutionGuid = {ACB36FDF-FD64-4023-A5E6-467006514F4B}
	EndGlobalSection
EndGlobal
